{
  "pins" : [
    {
      "identity" : "langgraph-swift",
      "kind" : "remoteSourceControl",
      "location" : "https://github.com/bsorrentino/LangGraph-Swift.git",
      "state" : {
        "revision" : "51385845c594bb693ae91d07e59eaef043dffc92",
        "version" : "2.0.0"
      }
    },
    {
      "identity" : "openai",
      "kind" : "remoteSourceControl",
      "location" : "https://github.com/MacPaw/OpenAI.git",
      "state" : {
        "branch" : "main",
        "revision" : "fd13a41e987004d14f1793c570721953a2767b03"
      }
    },
    {
      "identity" : "swiftymonaco",
      "kind" : "remoteSourceControl",
      "location" : "https://github.com/bsorrentino/SwiftyMonaco.git",
      "state" : {
        "revision" : "0b2ca33c159ca1b781b6c3ff39eb45f69de6ef67",
        "version" : "2.1.0"
      }
    }
  ],
  "version" : 2
}
