{
  "pins" : [
    {
      "identity" : "langgraph-swift",
      "kind" : "remoteSourceControl",
      "location" : "https://github.com/bsorrentino/LangGraph-Swift.git",
      "state" : {
        "branch" : "main",
        "revision" : "18cbf4542ac90f73952d8a9c9398d6b3b5de3f25"
      }
    },
    {
      "identity" : "openai",
      "kind" : "remoteSourceControl",
      "location" : "https://github.com/MacPaw/OpenAI.git",
      "state" : {
        "branch" : "main",
        "revision" : "843e087929aa806adb611dbca93f9a4a7f28be04"
      }
    },
    {
      "identity" : "swiftymonaco",
      "kind" : "remoteSourceControl",
      "location" : "https://github.com/bsorrentino/SwiftyMonaco.git",
      "state" : {
        "revision" : "6f933137f6ad59ec42af5a6f0972e3c17cf63ec5",
        "version" : "2.3.0"
      }
    }
  ],
  "version" : 2
}
